
Microsoft Visual Studio Solution File, Format Version 12.00
# Visual Studio Version 16
VisualStudioVersion = 16.0.29025.244
MinimumVisualStudioVersion = 10.0.40219.1
Project("{FAE04EC0-301F-11D3-BF4B-00C04F79EFBC}") = "WeatherApp", "WeatherApp.csproj", "{20A56B60-B3C6-42C8-AF57-30C05816B102}"
EndProject
Global
	GlobalSection(SolutionConfigurationPlatforms) = preSolution
		Debug|Any CPU = Debug|Any CPU
		Release|Any CPU = Release|Any CPU
	EndGlobalSection
	GlobalSection(ProjectConfigurationPlatforms) = postSolution
		{20A56B60-B3C6-42C8-AF57-30C05816B102}.Debug|Any CPU.ActiveCfg = Debug|Any CPU
		{20A56B60-B3C6-42C8-AF57-30C05816B102}.Debug|Any CPU.Build.0 = Debug|Any CPU
		{20A56B60-B3C6-42C8-AF57-30C05816B102}.Release|Any CPU.ActiveCfg = Release|Any CPU
		{20A56B60-B3C6-42C8-AF57-30C05816B102}.Release|Any CPU.Build.0 = Release|Any CPU
	EndGlobalSection
	GlobalSection(SolutionProperties) = preSolution
		HideSolutionNode = FALSE
	EndGlobalSection
	GlobalSection(ExtensibilityGlobals) = postSolution
		SolutionGuid = {DE5445A0-11C7-403A-ABF0-F43508C053CF}
	EndGlobalSection
EndGlobal
